
Microsoft Visual Studio Solution File, Format Version 12.00
# Visual Studio Version 17
VisualStudioVersion = 17.5.33516.290
MinimumVisualStudioVersion = 10.0.40219.1
Project("{FAE04EC0-301F-11D3-BF4B-00C04F79EFBC}") = "look-up-editor", "look-up-editor\look-up-editor.csproj", "{7E123747-9D49-4707-9210-6941AFEBF663}"
EndProject
Global
	GlobalSection(SolutionConfigurationPlatforms) = preSolution
		Debug|Any CPU = Debug|Any CPU
		Release|Any CPU = Release|Any CPU
	EndGlobalSection
	GlobalSection(ProjectConfigurationPlatforms) = postSolution
		{7E123747-9D49-4707-9210-6941AFEBF663}.Debug|Any CPU.ActiveCfg = Debug|Any CPU
		{7E123747-9D49-4707-9210-6941AFEBF663}.Debug|Any CPU.Build.0 = Debug|Any CPU
		{7E123747-9D49-4707-9210-6941AFEBF663}.Release|Any CPU.ActiveCfg = Release|Any CPU
		{7E123747-9D49-4707-9210-6941AFEBF663}.Release|Any CPU.Build.0 = Release|Any CPU
	EndGlobalSection
	GlobalSection(SolutionProperties) = preSolution
		HideSolutionNode = FALSE
	EndGlobalSection
	GlobalSection(ExtensibilityGlobals) = postSolution
		SolutionGuid = {4F577E15-5283-4812-ADDF-CF22F448C6A1}
	EndGlobalSection
EndGlobal
